
Microsoft Visual Studio Solution File, Format Version 12.00
# Visual Studio 2017
Project("{FAE04EC0-301F-11D3-BF4B-00C04F79EFBC}") = "Text0705", "Text0705.csproj", "{86C42C48-CB55-0B69-0F8B-6DC303200628}"
EndProject
Global
	GlobalSection(SolutionConfigurationPlatforms) = preSolution
		Debug|Any CPU = Debug|Any CPU
		Release|Any CPU = Release|Any CPU
	EndGlobalSection
	GlobalSection(ProjectConfigurationPlatforms) = postSolution
		{86C42C48-CB55-0B69-0F8B-6DC303200628}.Debug|Any CPU.ActiveCfg = Debug|Any CPU
		{86C42C48-CB55-0B69-0F8B-6DC303200628}.Debug|Any CPU.Build.0 = Debug|Any CPU
		{86C42C48-CB55-0B69-0F8B-6DC303200628}.Release|Any CPU.ActiveCfg = Release|Any CPU
		{86C42C48-CB55-0B69-0F8B-6DC303200628}.Release|Any CPU.Build.0 = Release|Any CPU
	EndGlobalSection
	GlobalSection(SolutionProperties) = preSolution
		HideSolutionNode = FALSE
	EndGlobalSection
EndGlobal
